// !$*UTF8*$!
{
	archiveVersion = 1;
	classes = {
	};
	objectVersion = 56;
	objects = {

/* Begin PBXBuildFile section */
		E734B5DD28F389F3006AB57D /* MockupData.swift in Sources */ = {isa = PBXBuildFile; fileRef = E734B5DC28F389F3006AB57D /* MockupData.swift */; };
		E77BEEB128F03626007325EE /* AppDelegate.swift in Sources */ = {isa = PBXBuildFile; fileRef = E77BEEB028F03626007325EE /* AppDelegate.swift */; };
		E77BEEB328F03626007325EE /* SceneDelegate.swift in Sources */ = {isa = PBXBuildFile; fileRef = E77BEEB228F03626007325EE /* SceneDelegate.swift */; };
		E77BEEB528F03626007325EE /* MainTabBarController.swift in Sources */ = {isa = PBXBuildFile; fileRef = E77BEEB428F03626007325EE /* MainTabBarController.swift */; };
		E77BEEBA28F03626007325EE /* Assets.xcassets in Resources */ = {isa = PBXBuildFile; fileRef = E77BEEB928F03626007325EE /* Assets.xcassets */; };
		E77BEEBD28F03626007325EE /* LaunchScreen.storyboard in Resources */ = {isa = PBXBuildFile; fileRef = E77BEEBB28F03626007325EE /* LaunchScreen.storyboard */; };
		E77BEEC728F03BB2007325EE /* HomeViewController.swift in Sources */ = {isa = PBXBuildFile; fileRef = E77BEEC628F03BB2007325EE /* HomeViewController.swift */; };
		E77BEECA28F03BF4007325EE /* SearchViewController.swift in Sources */ = {isa = PBXBuildFile; fileRef = E77BEEC928F03BF4007325EE /* SearchViewController.swift */; };
		E77BEECD28F03C17007325EE /* NotificationsViewController.swift in Sources */ = {isa = PBXBuildFile; fileRef = E77BEECC28F03C17007325EE /* NotificationsViewController.swift */; };
		E77BEECF28F03C42007325EE /* DirectMessagesViewController.swift in Sources */ = {isa = PBXBuildFile; fileRef = E77BEECE28F03C42007325EE /* DirectMessagesViewController.swift */; };
		E792981729110A0500FE9CF3 /* ProfieVC.swift in Sources */ = {isa = PBXBuildFile; fileRef = E792981629110A0500FE9CF3 /* ProfieVC.swift */; };
		E7D6FFD228F2548D000CE7FA /* TweetTableViewCell.swift in Sources */ = {isa = PBXBuildFile; fileRef = E7D6FFD128F2548D000CE7FA /* TweetTableViewCell.swift */; };
/* End PBXBuildFile section */

/* Begin PBXFileReference section */
		E734B5DC28F389F3006AB57D /* MockupData.swift */ = {isa = PBXFileReference; lastKnownFileType = sourcecode.swift; path = MockupData.swift; sourceTree = "<group>"; };
		E77BEEAD28F03626007325EE /* Twitter-Clone-Example.app */ = {isa = PBXFileReference; explicitFileType = wrapper.application; includeInIndex = 0; path = "Twitter-Clone-Example.app"; sourceTree = BUILT_PRODUCTS_DIR; };
		E77BEEB028F03626007325EE /* AppDelegate.swift */ = {isa = PBXFileReference; lastKnownFileType = sourcecode.swift; path = AppDelegate.swift; sourceTree = "<group>"; };
		E77BEEB228F03626007325EE /* SceneDelegate.swift */ = {isa = PBXFileReference; lastKnownFileType = sourcecode.swift; path = SceneDelegate.swift; sourceTree = "<group>"; };
		E77BEEB428F03626007325EE /* MainTabBarController.swift */ = {isa = PBXFileReference; lastKnownFileType = sourcecode.swift; path = MainTabBarController.swift; sourceTree = "<group>"; };
		E77BEEB928F03626007325EE /* Assets.xcassets */ = {isa = PBXFileReference; lastKnownFileType = folder.assetcatalog; path = Assets.xcassets; sourceTree = "<group>"; };
		E77BEEBC28F03626007325EE /* Base */ = {isa = PBXFileReference; lastKnownFileType = file.storyboard; name = Base; path = Base.lproj/LaunchScreen.storyboard; sourceTree = "<group>"; };
		E77BEEBE28F03626007325EE /* Info.plist */ = {isa = PBXFileReference; lastKnownFileType = text.plist.xml; path = Info.plist; sourceTree = "<group>"; };
		E77BEEC628F03BB2007325EE /* HomeViewController.swift */ = {isa = PBXFileReference; lastKnownFileType = sourcecode.swift; path = HomeViewController.swift; sourceTree = "<group>"; };
		E77BEEC928F03BF4007325EE /* SearchViewController.swift */ = {isa = PBXFileReference; lastKnownFileType = sourcecode.swift; path = SearchViewController.swift; sourceTree = "<group>"; };
		E77BEECC28F03C17007325EE /* NotificationsViewController.swift */ = {isa = PBXFileReference; lastKnownFileType = sourcecode.swift; path = NotificationsViewController.swift; sourceTree = "<group>"; };
		E77BEECE28F03C42007325EE /* DirectMessagesViewController.swift */ = {isa = PBXFileReference; lastKnownFileType = sourcecode.swift; path = DirectMessagesViewController.swift; sourceTree = "<group>"; };
		E792981629110A0500FE9CF3 /* ProfieVC.swift */ = {isa = PBXFileReference; lastKnownFileType = sourcecode.swift; path = ProfieVC.swift; sourceTree = "<group>"; };
		E7D6FFD128F2548D000CE7FA /* TweetTableViewCell.swift */ = {isa = PBXFileReference; lastKnownFileType = sourcecode.swift; path = TweetTableViewCell.swift; sourceTree = "<group>"; };
/* End PBXFileReference section */

/* Begin PBXFrameworksBuildPhase section */
		E77BEEAA28F03626007325EE /* Frameworks */ = {
			isa = PBXFrameworksBuildPhase;
			buildActionMask = 2147483647;
			files = (
			);
			runOnlyForDeploymentPostprocessing = 0;
		};
/* End PBXFrameworksBuildPhase section */

/* Begin PBXGroup section */
		E77BEEA428F03626007325EE = {
			isa = PBXGroup;
			children = (
				E77BEEAF28F03626007325EE /* Twitter-Clone-Example */,
				E77BEEAE28F03626007325EE /* Products */,
			);
			sourceTree = "<group>";
		};
		E77BEEAE28F03626007325EE /* Products */ = {
			isa = PBXGroup;
			children = (
				E77BEEAD28F03626007325EE /* Twitter-Clone-Example.app */,
			);
			name = Products;
			sourceTree = "<group>";
		};
		E77BEEAF28F03626007325EE /* Twitter-Clone-Example */ = {
			isa = PBXGroup;
			children = (
				E7D6FFD028F2545E000CE7FA /* Views */,
				E77BEEC428F03B51007325EE /* Controllers */,
				E77BEEB028F03626007325EE /* AppDelegate.swift */,
				E77BEEB228F03626007325EE /* SceneDelegate.swift */,
				E77BEEB928F03626007325EE /* Assets.xcassets */,
				E77BEEBB28F03626007325EE /* LaunchScreen.storyboard */,
				E77BEEBE28F03626007325EE /* Info.plist */,
				E734B5DC28F389F3006AB57D /* MockupData.swift */,
			);
			path = "Twitter-Clone-Example";
			sourceTree = "<group>";
		};
		E77BEEC428F03B51007325EE /* Controllers */ = {
			isa = PBXGroup;
			children = (
				E7929815291109E700FE9CF3 /* General */,
				E77BEEC528F03B6C007325EE /* Core */,
			);
			path = Controllers;
			sourceTree = "<group>";
		};
		E77BEEC528F03B6C007325EE /* Core */ = {
			isa = PBXGroup;
			children = (
				E77BEEC628F03BB2007325EE /* HomeViewController.swift */,
				E77BEEB428F03626007325EE /* MainTabBarController.swift */,
				E77BEEC928F03BF4007325EE /* SearchViewController.swift */,
				E77BEECC28F03C17007325EE /* NotificationsViewController.swift */,
				E77BEECE28F03C42007325EE /* DirectMessagesViewController.swift */,
			);
			path = Core;
			sourceTree = "<group>";
		};
		E7929815291109E700FE9CF3 /* General */ = {
			isa = PBXGroup;
			children = (
				E792981629110A0500FE9CF3 /* ProfieVC.swift */,
			);
			path = General;
			sourceTree = "<group>";
		};
		E7D6FFD028F2545E000CE7FA /* Views */ = {
			isa = PBXGroup;
			children = (
				E7D6FFD128F2548D000CE7FA /* TweetTableViewCell.swift */,
			);
			path = Views;
			sourceTree = "<group>";
		};
/* End PBXGroup section */

/* Begin PBXNativeTarget section */
		E77BEEAC28F03626007325EE /* Twitter-Clone-Example */ = {
			isa = PBXNativeTarget;
			buildConfigurationList = E77BEEC128F03626007325EE /* Build configuration list for PBXNativeTarget "Twitter-Clone-Example" */;
			buildPhases = (
				E77BEEA928F03626007325EE /* Sources */,
				E77BEEAA28F03626007325EE /* Frameworks */,
				E77BEEAB28F03626007325EE /* Resources */,
			);
			buildRules = (
			);
			dependencies = (
			);
			name = "Twitter-Clone-Example";
			productName = "Twitter-Clone-Example";
			productReference = E77BEEAD28F03626007325EE /* Twitter-Clone-Example.app */;
			productType = "com.apple.product-type.application";
		};
/* End PBXNativeTarget section */

/* Begin PBXProject section */
		E77BEEA528F03626007325EE /* Project object */ = {
			isa = PBXProject;
			attributes = {
				BuildIndependentTargetsInParallel = 1;
				LastSwiftUpdateCheck = 1400;
				LastUpgradeCheck = 1400;
				TargetAttributes = {
					E77BEEAC28F03626007325EE = {
						CreatedOnToolsVersion = 14.0.1;
					};
				};
			};
			buildConfigurationList = E77BEEA828F03626007325EE /* Build configuration list for PBXProject "Twitter-Clone-Example" */;
			compatibilityVersion = "Xcode 14.0";
			developmentRegion = en;
			hasScannedForEncodings = 0;
			knownRegions = (
				en,
				Base,
			);
			mainGroup = E77BEEA428F03626007325EE;
			productRefGroup = E77BEEAE28F03626007325EE /* Products */;
			projectDirPath = "";
			projectRoot = "";
			targets = (
				E77BEEAC28F03626007325EE /* Twitter-Clone-Example */,
			);
		};
/* End PBXProject section */

/* Begin PBXResourcesBuildPhase section */
		E77BEEAB28F03626007325EE /* Resources */ = {
			isa = PBXResourcesBuildPhase;
			buildActionMask = 2147483647;
			files = (
				E77BEEBD28F03626007325EE /* LaunchScreen.storyboard in Resources */,
				E77BEEBA28F03626007325EE /* Assets.xcassets in Resources */,
			);
			runOnlyForDeploymentPostprocessing = 0;
		};
/* End PBXResourcesBuildPhase section */

/* Begin PBXSourcesBuildPhase section */
		E77BEEA928F03626007325EE /* Sources */ = {
			isa = PBXSourcesBuildPhase;
			buildActionMask = 2147483647;
			files = (
				E77BEECA28F03BF4007325EE /* SearchViewController.swift in Sources */,
				E792981729110A0500FE9CF3 /* ProfieVC.swift in Sources */,
				E77BEEB528F03626007325EE /* MainTabBarController.swift in Sources */,
				E77BEEB128F03626007325EE /* AppDelegate.swift in Sources */,
				E77BEECD28F03C17007325EE /* NotificationsViewController.swift in Sources */,
				E77BEEB328F03626007325EE /* SceneDelegate.swift in Sources */,
				E77BEEC728F03BB2007325EE /* HomeViewController.swift in Sources */,
				E77BEECF28F03C42007325EE /* DirectMessagesViewController.swift in Sources */,
				E734B5DD28F389F3006AB57D /* MockupData.swift in Sources */,
				E7D6FFD228F2548D000CE7FA /* TweetTableViewCell.swift in Sources */,
			);
			runOnlyForDeploymentPostprocessing = 0;
		};
/* End PBXSourcesBuildPhase section */

/* Begin PBXVariantGroup section */
		E77BEEBB28F03626007325EE /* LaunchScreen.storyboard */ = {
			isa = PBXVariantGroup;
			children = (
				E77BEEBC28F03626007325EE /* Base */,
			);
			name = LaunchScreen.storyboard;
			sourceTree = "<group>";
		};
/* End PBXVariantGroup section */

/* Begin XCBuildConfiguration section */
		E77BEEBF28F03626007325EE /* Debug */ = {
			isa = XCBuildConfiguration;
			buildSettings = {
				ALWAYS_SEARCH_USER_PATHS = NO;
				CLANG_ANALYZER_NONNULL = YES;
				CLANG_ANALYZER_NUMBER_OBJECT_CONVERSION = YES_AGGRESSIVE;
				CLANG_CXX_LANGUAGE_STANDARD = "gnu++20";
				CLANG_ENABLE_MODULES = YES;
				CLANG_ENABLE_OBJC_ARC = YES;
				CLANG_ENABLE_OBJC_WEAK = YES;
				CLANG_WARN_BLOCK_CAPTURE_AUTORELEASING = YES;
				CLANG_WARN_BOOL_CONVERSION = YES;
				CLANG_WARN_COMMA = YES;
				CLANG_WARN_CONSTANT_CONVERSION = YES;
				CLANG_WARN_DEPRECATED_OBJC_IMPLEMENTATIONS = YES;
				CLANG_WARN_DIRECT_OBJC_ISA_USAGE = YES_ERROR;
				CLANG_WARN_DOCUMENTATION_COMMENTS = YES;
				CLANG_WARN_EMPTY_BODY = YES;
				CLANG_WARN_ENUM_CONVERSION = YES;
				CLANG_WARN_INFINITE_RECURSION = YES;
				CLANG_WARN_INT_CONVERSION = YES;
				CLANG_WARN_NON_LITERAL_NULL_CONVERSION = YES;
				CLANG_WARN_OBJC_IMPLICIT_RETAIN_SELF = YES;
				CLANG_WARN_OBJC_LITERAL_CONVERSION = YES;
				CLANG_WARN_OBJC_ROOT_CLASS = YES_ERROR;
				CLANG_WARN_QUOTED_INCLUDE_IN_FRAMEWORK_HEADER = YES;
				CLANG_WARN_RANGE_LOOP_ANALYSIS = YES;
				CLANG_WARN_STRICT_PROTOTYPES = YES;
				CLANG_WARN_SUSPICIOUS_MOVE = YES;
				CLANG_WARN_UNGUARDED_AVAILABILITY = YES_AGGRESSIVE;
				CLANG_WARN_UNREACHABLE_CODE = YES;
				CLANG_WARN__DUPLICATE_METHOD_MATCH = YES;
				COPY_PHASE_STRIP = NO;
				DEBUG_INFORMATION_FORMAT = dwarf;
				ENABLE_STRICT_OBJC_MSGSEND = YES;
				ENABLE_TESTABILITY = YES;
				GCC_C_LANGUAGE_STANDARD = gnu11;
				GCC_DYNAMIC_NO_PIC = NO;
				GCC_NO_COMMON_BLOCKS = YES;
				GCC_OPTIMIZATION_LEVEL = 0;
				GCC_PREPROCESSOR_DEFINITIONS = (
					"DEBUG=1",
					"$(inherited)",
				);
				GCC_WARN_64_TO_32_BIT_CONVERSION = YES;
				GCC_WARN_ABOUT_RETURN_TYPE = YES_ERROR;
				GCC_WARN_UNDECLARED_SELECTOR = YES;
				GCC_WARN_UNINITIALIZED_AUTOS = YES_AGGRESSIVE;
				GCC_WARN_UNUSED_FUNCTION = YES;
				GCC_WARN_UNUSED_VARIABLE = YES;
				IPHONEOS_DEPLOYMENT_TARGET = 16.0;
				MTL_ENABLE_DEBUG_INFO = INCLUDE_SOURCE;
				MTL_FAST_MATH = YES;
				ONLY_ACTIVE_ARCH = YES;
				SDKROOT = iphoneos;
				SWIFT_ACTIVE_COMPILATION_CONDITIONS = DEBUG;
				SWIFT_OPTIMIZATION_LEVEL = "-Onone";
			};
			name = Debug;
		};
		E77BEEC028F03626007325EE /* Release */ = {
			isa = XCBuildConfiguration;
			buildSettings = {
				ALWAYS_SEARCH_USER_PATHS = NO;
				CLANG_ANALYZER_NONNULL = YES;
				CLANG_ANALYZER_NUMBER_OBJECT_CONVERSION = YES_AGGRESSIVE;
				CLANG_CXX_LANGUAGE_STANDARD = "gnu++20";
				CLANG_ENABLE_MODULES = YES;
				CLANG_ENABLE_OBJC_ARC = YES;
				CLANG_ENABLE_OBJC_WEAK = YES;
				CLANG_WARN_BLOCK_CAPTURE_AUTORELEASING = YES;
				CLANG_WARN_BOOL_CONVERSION = YES;
				CLANG_WARN_COMMA = YES;
				CLANG_WARN_CONSTANT_CONVERSION = YES;
				CLANG_WARN_DEPRECATED_OBJC_IMPLEMENTATIONS = YES;
				CLANG_WARN_DIRECT_OBJC_ISA_USAGE = YES_ERROR;
				CLANG_WARN_DOCUMENTATION_COMMENTS = YES;
				CLANG_WARN_EMPTY_BODY = YES;
				CLANG_WARN_ENUM_CONVERSION = YES;
				CLANG_WARN_INFINITE_RECURSION = YES;
				CLANG_WARN_INT_CONVERSION = YES;
				CLANG_WARN_NON_LITERAL_NULL_CONVERSION = YES;
				CLANG_WARN_OBJC_IMPLICIT_RETAIN_SELF = YES;
				CLANG_WARN_OBJC_LITERAL_CONVERSION = YES;
				CLANG_WARN_OBJC_ROOT_CLASS = YES_ERROR;
				CLANG_WARN_QUOTED_INCLUDE_IN_FRAMEWORK_HEADER = YES;
				CLANG_WARN_RANGE_LOOP_ANALYSIS = YES;
				CLANG_WARN_STRICT_PROTOTYPES = YES;
				CLANG_WARN_SUSPICIOUS_MOVE = YES;
				CLANG_WARN_UNGUARDED_AVAILABILITY = YES_AGGRESSIVE;
				CLANG_WARN_UNREACHABLE_CODE = YES;
				CLANG_WARN__DUPLICATE_METHOD_MATCH = YES;
				COPY_PHASE_STRIP = NO;
				DEBUG_INFORMATION_FORMAT = "dwarf-with-dsym";
				ENABLE_NS_ASSERTIONS = NO;
				ENABLE_STRICT_OBJC_MSGSEND = YES;
				GCC_C_LANGUAGE_STANDARD = gnu11;
				GCC_NO_COMMON_BLOCKS = YES;
				GCC_WARN_64_TO_32_BIT_CONVERSION = YES;
				GCC_WARN_ABOUT_RETURN_TYPE = YES_ERROR;
				GCC_WARN_UNDECLARED_SELECTOR = YES;
				GCC_WARN_UNINITIALIZED_AUTOS = YES_AGGRESSIVE;
				GCC_WARN_UNUSED_FUNCTION = YES;
				GCC_WARN_UNUSED_VARIABLE = YES;
				IPHONEOS_DEPLOYMENT_TARGET = 16.0;
				MTL_ENABLE_DEBUG_INFO = NO;
				MTL_FAST_MATH = YES;
				SDKROOT = iphoneos;
				SWIFT_COMPILATION_MODE = wholemodule;
				SWIFT_OPTIMIZATION_LEVEL = "-O";
				VALIDATE_PRODUCT = YES;
			};
			name = Release;
		};
		E77BEEC228F03626007325EE /* Debug */ = {
			isa = XCBuildConfiguration;
			buildSettings = {
				ASSETCATALOG_COMPILER_APPICON_NAME = AppIcon;
				ASSETCATALOG_COMPILER_GLOBAL_ACCENT_COLOR_NAME = AccentColor;
				CODE_SIGN_STYLE = Automatic;
				CURRENT_PROJECT_VERSION = 1;
				DEVELOPMENT_TEAM = T453A8JHR5;
				GENERATE_INFOPLIST_FILE = YES;
				INFOPLIST_FILE = "Twitter-Clone-Example/Info.plist";
				INFOPLIST_KEY_UIApplicationSupportsIndirectInputEvents = YES;
				INFOPLIST_KEY_UILaunchStoryboardName = LaunchScreen;
				INFOPLIST_KEY_UISupportedInterfaceOrientations_iPad = "UIInterfaceOrientationPortrait UIInterfaceOrientationPortraitUpsideDown UIInterfaceOrientationLandscapeLeft UIInterfaceOrientationLandscapeRight";
				INFOPLIST_KEY_UISupportedInterfaceOrientations_iPhone = "UIInterfaceOrientationPortrait UIInterfaceOrientationLandscapeLeft UIInterfaceOrientationLandscapeRight";
				LD_RUNPATH_SEARCH_PATHS = (
					"$(inherited)",
					"@executable_path/Frameworks",
				);
				MARKETING_VERSION = 1.0;
				PRODUCT_BUNDLE_IDENTIFIER = "Omar-Leal.Twitter-Clone-Example";
				PRODUCT_NAME = "$(TARGET_NAME)";
				SWIFT_EMIT_LOC_STRINGS = YES;
				SWIFT_VERSION = 5.0;
				TARGETED_DEVICE_FAMILY = "1,2";
			};
			name = Debug;
		};
		E77BEEC328F03626007325EE /* Release */ = {
			isa = XCBuildConfiguration;
			buildSettings = {
				ASSETCATALOG_COMPILER_APPICON_NAME = AppIcon;
				ASSETCATALOG_COMPILER_GLOBAL_ACCENT_COLOR_NAME = AccentColor;
				CODE_SIGN_STYLE = Automatic;
				CURRENT_PROJECT_VERSION = 1;
				DEVELOPMENT_TEAM = T453A8JHR5;
				GENERATE_INFOPLIST_FILE = YES;
				INFOPLIST_FILE = "Twitter-Clone-Example/Info.plist";
				INFOPLIST_KEY_UIApplicationSupportsIndirectInputEvents = YES;
				INFOPLIST_KEY_UILaunchStoryboardName = LaunchScreen;
				INFOPLIST_KEY_UISupportedInterfaceOrientations_iPad = "UIInterfaceOrientationPortrait UIInterfaceOrientationPortraitUpsideDown UIInterfaceOrientationLandscapeLeft UIInterfaceOrientationLandscapeRight";
				INFOPLIST_KEY_UISupportedInterfaceOrientations_iPhone = "UIInterfaceOrientationPortrait UIInterfaceOrientationLandscapeLeft UIInterfaceOrientationLandscapeRight";
				LD_RUNPATH_SEARCH_PATHS = (
					"$(inherited)",
					"@executable_path/Frameworks",
				);
				MARKETING_VERSION = 1.0;
				PRODUCT_BUNDLE_IDENTIFIER = "Omar-Leal.Twitter-Clone-Example";
				PRODUCT_NAME = "$(TARGET_NAME)";
				SWIFT_EMIT_LOC_STRINGS = YES;
				SWIFT_VERSION = 5.0;
				TARGETED_DEVICE_FAMILY = "1,2";
			};
			name = Release;
		};
/* End XCBuildConfiguration section */

/* Begin XCConfigurationList section */
		E77BEEA828F03626007325EE /* Build configuration list for PBXProject "Twitter-Clone-Example" */ = {
			isa = XCConfigurationList;
			buildConfigurations = (
				E77BEEBF28F03626007325EE /* Debug */,
				E77BEEC028F03626007325EE /* Release */,
			);
			defaultConfigurationIsVisible = 0;
			defaultConfigurationName = Release;
		};
		E77BEEC128F03626007325EE /* Build configuration list for PBXNativeTarget "Twitter-Clone-Example" */ = {
			isa = XCConfigurationList;
			buildConfigurations = (
				E77BEEC228F03626007325EE /* Debug */,
				E77BEEC328F03626007325EE /* Release */,
			);
			defaultConfigurationIsVisible = 0;
			defaultConfigurationName = Release;
		};
/* End XCConfigurationList section */
	};
	rootObject = E77BEEA528F03626007325EE /* Project object */;
}
